{
  "name": "cm-chesstools",
  "version": "1.0.0",
  "lockfileVersion": 1,
  "requires": true,
  "dependencies": {
    "svjs-utils": {
      "version": "1.0.1",
      "resolved": "https://registry.npmjs.org/svjs-utils/-/svjs-utils-1.0.1.tgz",
      "integrity": "sha512-aXo/JPP7l7Z13poOz5NI/zs+1cda75jk/mXxJTGz61RpPyhBOplfCqAyQwIvqE+qiTDbfTUwQpuXf/VlaJTIOg=="
    }
  }
}
